
Microsoft Visual Studio Solution File, Format Version 12.00
# Visual Studio Version 16
VisualStudioVersion = 16.0.30907.101
MinimumVisualStudioVersion = 10.0.40219.1
Project("{2150E333-8FDC-42A3-9474-1A3956D46DE8}") = "Model", "Model", "{559DF78A-9DC2-4B59-A8AC-5A30D8C6F98E}"
EndProject
Project("{2150E333-8FDC-42A3-9474-1A3956D46DE8}") = "IDAL", "IDAL", "{E4B7F9B8-B36E-4D0F-990F-1AB1BF2975AD}"
EndProject
Project("{2150E333-8FDC-42A3-9474-1A3956D46DE8}") = "IBLL", "IBLL", "{1488E659-C2C9-41A5-B20E-DCB460250A2F}"
EndProject
Project("{2150E333-8FDC-42A3-9474-1A3956D46DE8}") = "DAL", "DAL", "{FEFD4D13-CCD9-41CC-8EEB-3C1C50BDE9B0}"
EndProject
Project("{2150E333-8FDC-42A3-9474-1A3956D46DE8}") = "BLL", "BLL", "{01CC760B-6A73-4D02-8391-39A3954A556F}"
EndProject
Project("{2150E333-8FDC-42A3-9474-1A3956D46DE8}") = "DTO", "DTO", "{240F57F5-9072-43A8-962E-6B51F1D3F637}"
EndProject
Project("{2150E333-8FDC-42A3-9474-1A3956D46DE8}") = "ViewModel", "ViewModel", "{75CBEED9-68BA-4004-A031-1829CAE20D24}"
EndProject
Project("{2150E333-8FDC-42A3-9474-1A3956D46DE8}") = "API", "API", "{9B251B5C-C906-48BF-B6BA-1EAE245019F3}"
EndProject
Project("{2150E333-8FDC-42A3-9474-1A3956D46DE8}") = "Test", "Test", "{3466A6E4-F1C1-4FBC-A08C-A8B27A1EA035}"
EndProject
Project("{2150E333-8FDC-42A3-9474-1A3956D46DE8}") = "API", "API", "{DAF0F43B-7535-4001-84DA-DF3E60640588}"
EndProject
Project("{9A19103F-16F7-4668-BE54-9A1E7A4F7556}") = "Test.api", "Test.api\Test.api.csproj", "{30752098-1F46-4237-AFD8-205434D6832F}"
EndProject
Project("{9A19103F-16F7-4668-BE54-9A1E7A4F7556}") = "CustomerManagement.API", "CustomerManagement.API\CustomerManagement.API.csproj", "{8CFA6B22-1F9F-44AE-9CD5-A7E134A9B705}"
EndProject
Project("{9A19103F-16F7-4668-BE54-9A1E7A4F7556}") = "CustomerManagement.Model", "CustomerManagement.Model\CustomerManagement.Model.csproj", "{CAF78DD4-55E0-4B68-B334-5E7FCC6A9197}"
EndProject
Project("{FAE04EC0-301F-11D3-BF4B-00C04F79EFBC}") = "CustomerManagement.IDAL", "CustomerManagement.IDAL\CustomerManagement.IDAL.csproj", "{FE14231F-E739-4E98-AB3A-103FA84AFF94}"
EndProject
Project("{FAE04EC0-301F-11D3-BF4B-00C04F79EFBC}") = "CustomerManagement.DAL", "CustomerManagement.DAL\CustomerManagement.DAL.csproj", "{C0EBB910-005A-464F-A22E-A8A14F0EF9B9}"
EndProject
Project("{FAE04EC0-301F-11D3-BF4B-00C04F79EFBC}") = "CustomerManagement.DTO", "CustomerManagement.DTO\CustomerManagement.DTO.csproj", "{852AB414-B993-49A0-87EE-482D7469C3A9}"
EndProject
Project("{FAE04EC0-301F-11D3-BF4B-00C04F79EFBC}") = "CustomerManagement.IBLL", "CustomerManagement.IBLL\CustomerManagement.IBLL.csproj", "{E915D52A-6DA6-484B-9C4F-B00404651902}"
EndProject
Project("{FAE04EC0-301F-11D3-BF4B-00C04F79EFBC}") = "CustomerManagement.BLL", "CustomerManagement.BLL\CustomerManagement.BLL.csproj", "{FAA0E419-BE3A-4239-8C49-19DE5826185A}"
EndProject
Project("{FAE04EC0-301F-11D3-BF4B-00C04F79EFBC}") = "CustomerManagement.ViewModel", "CustomerManagement.ViewModel\CustomerManagement.ViewModel.csproj", "{59C4215D-0065-44D4-853A-D85DE3D6912E}"
EndProject
Global
	GlobalSection(SolutionConfigurationPlatforms) = preSolution
		Debug|Any CPU = Debug|Any CPU
		Release|Any CPU = Release|Any CPU
	EndGlobalSection
	GlobalSection(ProjectConfigurationPlatforms) = postSolution
		{30752098-1F46-4237-AFD8-205434D6832F}.Debug|Any CPU.ActiveCfg = Debug|Any CPU
		{30752098-1F46-4237-AFD8-205434D6832F}.Debug|Any CPU.Build.0 = Debug|Any CPU
		{30752098-1F46-4237-AFD8-205434D6832F}.Release|Any CPU.ActiveCfg = Release|Any CPU
		{30752098-1F46-4237-AFD8-205434D6832F}.Release|Any CPU.Build.0 = Release|Any CPU
		{8CFA6B22-1F9F-44AE-9CD5-A7E134A9B705}.Debug|Any CPU.ActiveCfg = Debug|Any CPU
		{8CFA6B22-1F9F-44AE-9CD5-A7E134A9B705}.Debug|Any CPU.Build.0 = Debug|Any CPU
		{8CFA6B22-1F9F-44AE-9CD5-A7E134A9B705}.Release|Any CPU.ActiveCfg = Release|Any CPU
		{8CFA6B22-1F9F-44AE-9CD5-A7E134A9B705}.Release|Any CPU.Build.0 = Release|Any CPU
		{CAF78DD4-55E0-4B68-B334-5E7FCC6A9197}.Debug|Any CPU.ActiveCfg = Debug|Any CPU
		{CAF78DD4-55E0-4B68-B334-5E7FCC6A9197}.Debug|Any CPU.Build.0 = Debug|Any CPU
		{CAF78DD4-55E0-4B68-B334-5E7FCC6A9197}.Release|Any CPU.ActiveCfg = Release|Any CPU
		{CAF78DD4-55E0-4B68-B334-5E7FCC6A9197}.Release|Any CPU.Build.0 = Release|Any CPU
		{FE14231F-E739-4E98-AB3A-103FA84AFF94}.Debug|Any CPU.ActiveCfg = Debug|Any CPU
		{FE14231F-E739-4E98-AB3A-103FA84AFF94}.Debug|Any CPU.Build.0 = Debug|Any CPU
		{FE14231F-E739-4E98-AB3A-103FA84AFF94}.Release|Any CPU.ActiveCfg = Release|Any CPU
		{FE14231F-E739-4E98-AB3A-103FA84AFF94}.Release|Any CPU.Build.0 = Release|Any CPU
		{C0EBB910-005A-464F-A22E-A8A14F0EF9B9}.Debug|Any CPU.ActiveCfg = Debug|Any CPU
		{C0EBB910-005A-464F-A22E-A8A14F0EF9B9}.Debug|Any CPU.Build.0 = Debug|Any CPU
		{C0EBB910-005A-464F-A22E-A8A14F0EF9B9}.Release|Any CPU.ActiveCfg = Release|Any CPU
		{C0EBB910-005A-464F-A22E-A8A14F0EF9B9}.Release|Any CPU.Build.0 = Release|Any CPU
		{852AB414-B993-49A0-87EE-482D7469C3A9}.Debug|Any CPU.ActiveCfg = Debug|Any CPU
		{852AB414-B993-49A0-87EE-482D7469C3A9}.Debug|Any CPU.Build.0 = Debug|Any CPU
		{852AB414-B993-49A0-87EE-482D7469C3A9}.Release|Any CPU.ActiveCfg = Release|Any CPU
		{852AB414-B993-49A0-87EE-482D7469C3A9}.Release|Any CPU.Build.0 = Release|Any CPU
		{E915D52A-6DA6-484B-9C4F-B00404651902}.Debug|Any CPU.ActiveCfg = Debug|Any CPU
		{E915D52A-6DA6-484B-9C4F-B00404651902}.Debug|Any CPU.Build.0 = Debug|Any CPU
		{E915D52A-6DA6-484B-9C4F-B00404651902}.Release|Any CPU.ActiveCfg = Release|Any CPU
		{E915D52A-6DA6-484B-9C4F-B00404651902}.Release|Any CPU.Build.0 = Release|Any CPU
		{FAA0E419-BE3A-4239-8C49-19DE5826185A}.Debug|Any CPU.ActiveCfg = Debug|Any CPU
		{FAA0E419-BE3A-4239-8C49-19DE5826185A}.Debug|Any CPU.Build.0 = Debug|Any CPU
		{FAA0E419-BE3A-4239-8C49-19DE5826185A}.Release|Any CPU.ActiveCfg = Release|Any CPU
		{FAA0E419-BE3A-4239-8C49-19DE5826185A}.Release|Any CPU.Build.0 = Release|Any CPU
		{59C4215D-0065-44D4-853A-D85DE3D6912E}.Debug|Any CPU.ActiveCfg = Debug|Any CPU
		{59C4215D-0065-44D4-853A-D85DE3D6912E}.Debug|Any CPU.Build.0 = Debug|Any CPU
		{59C4215D-0065-44D4-853A-D85DE3D6912E}.Release|Any CPU.ActiveCfg = Release|Any CPU
		{59C4215D-0065-44D4-853A-D85DE3D6912E}.Release|Any CPU.Build.0 = Release|Any CPU
	EndGlobalSection
	GlobalSection(SolutionProperties) = preSolution
		HideSolutionNode = FALSE
	EndGlobalSection
	GlobalSection(NestedProjects) = preSolution
		{3466A6E4-F1C1-4FBC-A08C-A8B27A1EA035} = {9B251B5C-C906-48BF-B6BA-1EAE245019F3}
		{DAF0F43B-7535-4001-84DA-DF3E60640588} = {9B251B5C-C906-48BF-B6BA-1EAE245019F3}
		{30752098-1F46-4237-AFD8-205434D6832F} = {3466A6E4-F1C1-4FBC-A08C-A8B27A1EA035}
		{8CFA6B22-1F9F-44AE-9CD5-A7E134A9B705} = {DAF0F43B-7535-4001-84DA-DF3E60640588}
		{CAF78DD4-55E0-4B68-B334-5E7FCC6A9197} = {559DF78A-9DC2-4B59-A8AC-5A30D8C6F98E}
		{FE14231F-E739-4E98-AB3A-103FA84AFF94} = {E4B7F9B8-B36E-4D0F-990F-1AB1BF2975AD}
		{C0EBB910-005A-464F-A22E-A8A14F0EF9B9} = {FEFD4D13-CCD9-41CC-8EEB-3C1C50BDE9B0}
		{852AB414-B993-49A0-87EE-482D7469C3A9} = {240F57F5-9072-43A8-962E-6B51F1D3F637}
		{E915D52A-6DA6-484B-9C4F-B00404651902} = {1488E659-C2C9-41A5-B20E-DCB460250A2F}
		{FAA0E419-BE3A-4239-8C49-19DE5826185A} = {01CC760B-6A73-4D02-8391-39A3954A556F}
		{59C4215D-0065-44D4-853A-D85DE3D6912E} = {75CBEED9-68BA-4004-A031-1829CAE20D24}
	EndGlobalSection
	GlobalSection(ExtensibilityGlobals) = postSolution
		SolutionGuid = {8FE9B15E-7D74-4315-A67D-7215D7F485D0}
	EndGlobalSection
EndGlobal
